
Microsoft Visual Studio Solution File, Format Version 12.00
# Visual Studio Version 17
VisualStudioVersion = 17.0.32112.339
MinimumVisualStudioVersion = 10.0.40219.1
Project("{9A19103F-16F7-4668-BE54-9A1E7A4F7556}") = "PD1S3Z_HFT_2021221.Client", "PD1S3Z_HFT_2021221.Client\PD1S3Z_HFT_2021221.Client.csproj", "{AB097127-9B18-4567-9EA6-A9B01BB024E2}"
EndProject
Project("{9A19103F-16F7-4668-BE54-9A1E7A4F7556}") = "PD1S3Z_HFT_2021221.Models", "PD1S3Z_HFT_2021221.Models\PD1S3Z_HFT_2021221.Models.csproj", "{2A907BC0-51D3-4543-8AA0-1EB6224117FC}"
EndProject
Project("{9A19103F-16F7-4668-BE54-9A1E7A4F7556}") = "PD1S3Z_HFT_2021221.Data", "PD1S3Z_HFT_2021221.Data\PD1S3Z_HFT_2021221.Data.csproj", "{CE331DEB-1E6B-4AAE-9EDF-10DDD6E100B7}"
EndProject
Project("{9A19103F-16F7-4668-BE54-9A1E7A4F7556}") = "PD1S3Z_HFT_2021221.Logic", "PD1S3Z_HFT_2021221.Logic\PD1S3Z_HFT_2021221.Logic.csproj", "{592113F3-88E3-4187-A120-6E84C184849E}"
EndProject
Project("{9A19103F-16F7-4668-BE54-9A1E7A4F7556}") = "PD1S3Z_HFT_2021221.Repository", "PD1S3Z_HFT_2021221.Repository\PD1S3Z_HFT_2021221.Repository.csproj", "{E6F5F74F-C319-4397-8CC1-0F8AB7777C27}"
EndProject
Project("{9A19103F-16F7-4668-BE54-9A1E7A4F7556}") = "PD1S3Z_HFT_2021221.Endpoint", "PD1S3Z_HFT_2021221.Endpoint\PD1S3Z_HFT_2021221.Endpoint.csproj", "{EED55B6A-3370-4E83-BBE2-6023046C72E1}"
EndProject
Project("{2150E333-8FDC-42A3-9474-1A3956D46DE8}") = "Backend", "Backend", "{E580FD01-6E91-4FA5-AE67-3D4631728832}"
EndProject
Project("{2150E333-8FDC-42A3-9474-1A3956D46DE8}") = "Frontend", "Frontend", "{305425EE-E956-4EB9-89AB-A082321F9253}"
EndProject
Project("{2150E333-8FDC-42A3-9474-1A3956D46DE8}") = "Shared", "Shared", "{2BF224F6-FE8C-4B95-B3CB-AB98FA73C3F7}"
EndProject
Project("{9A19103F-16F7-4668-BE54-9A1E7A4F7556}") = "PD1S3Z_HFT_2021221.Test", "PD1S3Z_HFT_2021221.Test\PD1S3Z_HFT_2021221.Test.csproj", "{1C320AD7-9BBD-48CC-8BC4-3FF2E102B0DD}"
EndProject
Project("{9A19103F-16F7-4668-BE54-9A1E7A4F7556}") = "PD1S3Z_HFT_2021221.WpfClient", "PD1S3Z_HFT_2021221.WpfClient\PD1S3Z_HFT_2021221.WpfClient.csproj", "{E6818E83-C3D9-431F-AF65-740AB837286D}"
EndProject
Project("{FAE04EC0-301F-11D3-BF4B-00C04F79EFBC}") = "PD1S3Z_HFT_2021221.JSClient", "PD1S3Z_HFT_2021221.JSClient\PD1S3Z_HFT_2021221.JSClient.csproj", "{8CE857AF-44A8-44BC-B05E-45606680EEC0}"
EndProject
Global
	GlobalSection(SolutionConfigurationPlatforms) = preSolution
		Debug|Any CPU = Debug|Any CPU
		Release|Any CPU = Release|Any CPU
	EndGlobalSection
	GlobalSection(ProjectConfigurationPlatforms) = postSolution
		{AB097127-9B18-4567-9EA6-A9B01BB024E2}.Debug|Any CPU.ActiveCfg = Debug|Any CPU
		{AB097127-9B18-4567-9EA6-A9B01BB024E2}.Debug|Any CPU.Build.0 = Debug|Any CPU
		{AB097127-9B18-4567-9EA6-A9B01BB024E2}.Release|Any CPU.ActiveCfg = Release|Any CPU
		{AB097127-9B18-4567-9EA6-A9B01BB024E2}.Release|Any CPU.Build.0 = Release|Any CPU
		{2A907BC0-51D3-4543-8AA0-1EB6224117FC}.Debug|Any CPU.ActiveCfg = Debug|Any CPU
		{2A907BC0-51D3-4543-8AA0-1EB6224117FC}.Debug|Any CPU.Build.0 = Debug|Any CPU
		{2A907BC0-51D3-4543-8AA0-1EB6224117FC}.Release|Any CPU.ActiveCfg = Release|Any CPU
		{2A907BC0-51D3-4543-8AA0-1EB6224117FC}.Release|Any CPU.Build.0 = Release|Any CPU
		{CE331DEB-1E6B-4AAE-9EDF-10DDD6E100B7}.Debug|Any CPU.ActiveCfg = Debug|Any CPU
		{CE331DEB-1E6B-4AAE-9EDF-10DDD6E100B7}.Debug|Any CPU.Build.0 = Debug|Any CPU
		{CE331DEB-1E6B-4AAE-9EDF-10DDD6E100B7}.Release|Any CPU.ActiveCfg = Release|Any CPU
		{CE331DEB-1E6B-4AAE-9EDF-10DDD6E100B7}.Release|Any CPU.Build.0 = Release|Any CPU
		{592113F3-88E3-4187-A120-6E84C184849E}.Debug|Any CPU.ActiveCfg = Debug|Any CPU
		{592113F3-88E3-4187-A120-6E84C184849E}.Debug|Any CPU.Build.0 = Debug|Any CPU
		{592113F3-88E3-4187-A120-6E84C184849E}.Release|Any CPU.ActiveCfg = Release|Any CPU
		{592113F3-88E3-4187-A120-6E84C184849E}.Release|Any CPU.Build.0 = Release|Any CPU
		{E6F5F74F-C319-4397-8CC1-0F8AB7777C27}.Debug|Any CPU.ActiveCfg = Debug|Any CPU
		{E6F5F74F-C319-4397-8CC1-0F8AB7777C27}.Debug|Any CPU.Build.0 = Debug|Any CPU
		{E6F5F74F-C319-4397-8CC1-0F8AB7777C27}.Release|Any CPU.ActiveCfg = Release|Any CPU
		{E6F5F74F-C319-4397-8CC1-0F8AB7777C27}.Release|Any CPU.Build.0 = Release|Any CPU
		{EED55B6A-3370-4E83-BBE2-6023046C72E1}.Debug|Any CPU.ActiveCfg = Debug|Any CPU
		{EED55B6A-3370-4E83-BBE2-6023046C72E1}.Debug|Any CPU.Build.0 = Debug|Any CPU
		{EED55B6A-3370-4E83-BBE2-6023046C72E1}.Release|Any CPU.ActiveCfg = Release|Any CPU
		{EED55B6A-3370-4E83-BBE2-6023046C72E1}.Release|Any CPU.Build.0 = Release|Any CPU
		{1C320AD7-9BBD-48CC-8BC4-3FF2E102B0DD}.Debug|Any CPU.ActiveCfg = Debug|Any CPU
		{1C320AD7-9BBD-48CC-8BC4-3FF2E102B0DD}.Debug|Any CPU.Build.0 = Debug|Any CPU
		{1C320AD7-9BBD-48CC-8BC4-3FF2E102B0DD}.Release|Any CPU.ActiveCfg = Release|Any CPU
		{1C320AD7-9BBD-48CC-8BC4-3FF2E102B0DD}.Release|Any CPU.Build.0 = Release|Any CPU
		{E6818E83-C3D9-431F-AF65-740AB837286D}.Debug|Any CPU.ActiveCfg = Debug|Any CPU
		{E6818E83-C3D9-431F-AF65-740AB837286D}.Debug|Any CPU.Build.0 = Debug|Any CPU
		{E6818E83-C3D9-431F-AF65-740AB837286D}.Release|Any CPU.ActiveCfg = Release|Any CPU
		{E6818E83-C3D9-431F-AF65-740AB837286D}.Release|Any CPU.Build.0 = Release|Any CPU
		{8CE857AF-44A8-44BC-B05E-45606680EEC0}.Debug|Any CPU.ActiveCfg = Debug|Any CPU
		{8CE857AF-44A8-44BC-B05E-45606680EEC0}.Debug|Any CPU.Build.0 = Debug|Any CPU
		{8CE857AF-44A8-44BC-B05E-45606680EEC0}.Release|Any CPU.ActiveCfg = Release|Any CPU
		{8CE857AF-44A8-44BC-B05E-45606680EEC0}.Release|Any CPU.Build.0 = Release|Any CPU
	EndGlobalSection
	GlobalSection(SolutionProperties) = preSolution
		HideSolutionNode = FALSE
	EndGlobalSection
	GlobalSection(NestedProjects) = preSolution
		{AB097127-9B18-4567-9EA6-A9B01BB024E2} = {305425EE-E956-4EB9-89AB-A082321F9253}
		{2A907BC0-51D3-4543-8AA0-1EB6224117FC} = {2BF224F6-FE8C-4B95-B3CB-AB98FA73C3F7}
		{CE331DEB-1E6B-4AAE-9EDF-10DDD6E100B7} = {E580FD01-6E91-4FA5-AE67-3D4631728832}
		{592113F3-88E3-4187-A120-6E84C184849E} = {E580FD01-6E91-4FA5-AE67-3D4631728832}
		{E6F5F74F-C319-4397-8CC1-0F8AB7777C27} = {E580FD01-6E91-4FA5-AE67-3D4631728832}
		{EED55B6A-3370-4E83-BBE2-6023046C72E1} = {E580FD01-6E91-4FA5-AE67-3D4631728832}
		{1C320AD7-9BBD-48CC-8BC4-3FF2E102B0DD} = {E580FD01-6E91-4FA5-AE67-3D4631728832}
	EndGlobalSection
	GlobalSection(ExtensibilityGlobals) = postSolution
		SolutionGuid = {8907E9FB-6225-462E-AA4A-F83DDB549252}
	EndGlobalSection
EndGlobal
